<?xml version="1.0" encoding="utf-8"?>
<Project ToolsVersion="4.0" xmlns="http://schemas.microsoft.com/developer/msbuild/2003">
  <ItemGroup>
    <Filter Include="Source Files">
      <UniqueIdentifier>{4FC737F1-C7A5-4376-A066-2A32D752A2FF}</UniqueIdentifier>
      <Extensions>cpp;c;cc;cxx;def;odl;idl;hpj;bat;asm;asmx</Extensions>
    </Filter>
    <Filter Include="Header Files">
      <UniqueIdentifier>{93995380-89BD-4b04-88EB-625FBE52EBFB}</UniqueIdentifier>
      <Extensions>h;hh;hpp;hxx;hm;inl;inc;xsd</Extensions>
    </Filter>
    <Filter Include="Resource Files">
      <UniqueIdentifier>{67DA6AB6-F800-4c08-8B7A-83BB121AAD01}</UniqueIdentifier>
      <Extensions>rc;ico;cur;bmp;dlg;rc2;rct;bin;rgs;gif;jpg;jpeg;jpe;resx;tiff;tif;png;wav;mfcribbon-ms</Extensions>
    </Filter>
    <Filter Include="Fortran Files">
      <UniqueIdentifier>{2d52edbe-12ca-4863-b2fc-de85d88188de}</UniqueIdentifier>
    </Filter>
  </ItemGroup>
  <ItemGroup>
    <ClInclude Include="..\include\nlsSlicot_exports.h">
      <Filter>Header Files</Filter>
    </ClInclude>
    <ClInclude Include="..\include\SlicotWrapper.hpp">
      <Filter>Header Files</Filter>
    </ClInclude>
  </ItemGroup>
  <ItemGroup>
    <Text Include="..\..\CMakeLists.txt" />
  </ItemGroup>
  <ItemGroup>
    <None Include="..\..\module.iss" />
  </ItemGroup>
  <ItemGroup>
    <ResourceCompile Include="resources.rc">
      <Filter>Resource Files</Filter>
    </ResourceCompile>
  </ItemGroup>
  <ItemGroup>
    <CustomBuild Include="..\fortran\TG01FD.f">
      <Filter>Fortran Files</Filter>
    </CustomBuild>
    <CustomBuild Include="..\fortran\TG01AD.f">
      <Filter>Fortran Files</Filter>
    </CustomBuild>
    <CustomBuild Include="..\fortran\AB01ND.f">
      <Filter>Fortran Files</Filter>
    </CustomBuild>
    <CustomBuild Include="..\fortran\AB01OD.f">
      <Filter>Fortran Files</Filter>
    </CustomBuild>
    <CustomBuild Include="..\fortran\AB04MD.f">
      <Filter>Fortran Files</Filter>
    </CustomBuild>
    <CustomBuild Include="..\fortran\AB07ND.f">
      <Filter>Fortran Files</Filter>
    </CustomBuild>
    <CustomBuild Include="..\fortran\AB08ND.f">
      <Filter>Fortran Files</Filter>
    </CustomBuild>
    <CustomBuild Include="..\fortran\AB08NX.f">
      <Filter>Fortran Files</Filter>
    </CustomBuild>
    <CustomBuild Include="..\fortran\AG08BD.f">
      <Filter>Fortran Files</Filter>
    </CustomBuild>
    <CustomBuild Include="..\fortran\AG08BY.f">
      <Filter>Fortran Files</Filter>
    </CustomBuild>
    <CustomBuild Include="..\fortran\MA02AD.f">
      <Filter>Fortran Files</Filter>
    </CustomBuild>
    <CustomBuild Include="..\fortran\MA02BD.f">
      <Filter>Fortran Files</Filter>
    </CustomBuild>
    <CustomBuild Include="..\fortran\MA02CD.f">
      <Filter>Fortran Files</Filter>
    </CustomBuild>
    <CustomBuild Include="..\fortran\MA02ED.f">
      <Filter>Fortran Files</Filter>
    </CustomBuild>
    <CustomBuild Include="..\fortran\MA02GD.f">
      <Filter>Fortran Files</Filter>
    </CustomBuild>
    <CustomBuild Include="..\fortran\MA02HD.f">
      <Filter>Fortran Files</Filter>
    </CustomBuild>
    <CustomBuild Include="..\fortran\MB01PD.f">
      <Filter>Fortran Files</Filter>
    </CustomBuild>
    <CustomBuild Include="..\fortran\MB01QD.f">
      <Filter>Fortran Files</Filter>
    </CustomBuild>
    <CustomBuild Include="..\fortran\MB01RD.f">
      <Filter>Fortran Files</Filter>
    </CustomBuild>
    <CustomBuild Include="..\fortran\MB01SD.f">
      <Filter>Fortran Files</Filter>
    </CustomBuild>
    <CustomBuild Include="..\fortran\MB01UY.f">
      <Filter>Fortran Files</Filter>
    </CustomBuild>
    <CustomBuild Include="..\fortran\MB02MD.f">
      <Filter>Fortran Files</Filter>
    </CustomBuild>
    <CustomBuild Include="..\fortran\MB02PD.f">
      <Filter>Fortran Files</Filter>
    </CustomBuild>
    <CustomBuild Include="..\fortran\MB02VD.f">
      <Filter>Fortran Files</Filter>
    </CustomBuild>
    <CustomBuild Include="..\fortran\MB03MY.f">
      <Filter>Fortran Files</Filter>
    </CustomBuild>
    <CustomBuild Include="..\fortran\MB03OD.f">
      <Filter>Fortran Files</Filter>
    </CustomBuild>
    <CustomBuild Include="..\fortran\MB03OY.f">
      <Filter>Fortran Files</Filter>
    </CustomBuild>
    <CustomBuild Include="..\fortran\MB03PD.f">
      <Filter>Fortran Files</Filter>
    </CustomBuild>
    <CustomBuild Include="..\fortran\MB03PY.f">
      <Filter>Fortran Files</Filter>
    </CustomBuild>
    <CustomBuild Include="..\fortran\MB03QD.f">
      <Filter>Fortran Files</Filter>
    </CustomBuild>
    <CustomBuild Include="..\fortran\MB03QX.f">
      <Filter>Fortran Files</Filter>
    </CustomBuild>
    <CustomBuild Include="..\fortran\MB03QY.f">
      <Filter>Fortran Files</Filter>
    </CustomBuild>
    <CustomBuild Include="..\fortran\MB03RD.f">
      <Filter>Fortran Files</Filter>
    </CustomBuild>
    <CustomBuild Include="..\fortran\MB03RX.f">
      <Filter>Fortran Files</Filter>
    </CustomBuild>
    <CustomBuild Include="..\fortran\MB03RY.f">
      <Filter>Fortran Files</Filter>
    </CustomBuild>
    <CustomBuild Include="..\fortran\MB04GD.f">
      <Filter>Fortran Files</Filter>
    </CustomBuild>
    <CustomBuild Include="..\fortran\MB04MD.f">
      <Filter>Fortran Files</Filter>
    </CustomBuild>
    <CustomBuild Include="..\fortran\MB04ND.f">
      <Filter>Fortran Files</Filter>
    </CustomBuild>
    <CustomBuild Include="..\fortran\MB04NY.f">
      <Filter>Fortran Files</Filter>
    </CustomBuild>
    <CustomBuild Include="..\fortran\MB04OD.f">
      <Filter>Fortran Files</Filter>
    </CustomBuild>
    <CustomBuild Include="..\fortran\MB04OY.f">
      <Filter>Fortran Files</Filter>
    </CustomBuild>
    <CustomBuild Include="..\fortran\MB05OD.f">
      <Filter>Fortran Files</Filter>
    </CustomBuild>
    <CustomBuild Include="..\fortran\MB05OY.f">
      <Filter>Fortran Files</Filter>
    </CustomBuild>
    <CustomBuild Include="..\fortran\MC01TD.f">
      <Filter>Fortran Files</Filter>
    </CustomBuild>
    <CustomBuild Include="..\fortran\SB01BD.f">
      <Filter>Fortran Files</Filter>
    </CustomBuild>
    <CustomBuild Include="..\fortran\SB01BX.f">
      <Filter>Fortran Files</Filter>
    </CustomBuild>
    <CustomBuild Include="..\fortran\SB01BY.f">
      <Filter>Fortran Files</Filter>
    </CustomBuild>
    <CustomBuild Include="..\fortran\SB02MR.f">
      <Filter>Fortran Files</Filter>
    </CustomBuild>
    <CustomBuild Include="..\fortran\SB02MV.f">
      <Filter>Fortran Files</Filter>
    </CustomBuild>
    <CustomBuild Include="..\fortran\SB02OD.f">
      <Filter>Fortran Files</Filter>
    </CustomBuild>
    <CustomBuild Include="..\fortran\SB02OU.f">
      <Filter>Fortran Files</Filter>
    </CustomBuild>
    <CustomBuild Include="..\fortran\SB02OV.f">
      <Filter>Fortran Files</Filter>
    </CustomBuild>
    <CustomBuild Include="..\fortran\SB02OW.f">
      <Filter>Fortran Files</Filter>
    </CustomBuild>
    <CustomBuild Include="..\fortran\SB02OY.f">
      <Filter>Fortran Files</Filter>
    </CustomBuild>
    <CustomBuild Include="..\fortran\SB03MD.f">
      <Filter>Fortran Files</Filter>
    </CustomBuild>
    <CustomBuild Include="..\fortran\SB03MV.f">
      <Filter>Fortran Files</Filter>
    </CustomBuild>
    <CustomBuild Include="..\fortran\SB03MW.f">
      <Filter>Fortran Files</Filter>
    </CustomBuild>
    <CustomBuild Include="..\fortran\SB03MX.f">
      <Filter>Fortran Files</Filter>
    </CustomBuild>
    <CustomBuild Include="..\fortran\SB03MY.f">
      <Filter>Fortran Files</Filter>
    </CustomBuild>
    <CustomBuild Include="..\fortran\SB03OD.f">
      <Filter>Fortran Files</Filter>
    </CustomBuild>
    <CustomBuild Include="..\fortran\SB03OR.f">
      <Filter>Fortran Files</Filter>
    </CustomBuild>
    <CustomBuild Include="..\fortran\SB03OT.f">
      <Filter>Fortran Files</Filter>
    </CustomBuild>
    <CustomBuild Include="..\fortran\SB03OV.f">
      <Filter>Fortran Files</Filter>
    </CustomBuild>
    <CustomBuild Include="..\fortran\SB03OY.f">
      <Filter>Fortran Files</Filter>
    </CustomBuild>
    <CustomBuild Include="..\fortran\SB04MD.f">
      <Filter>Fortran Files</Filter>
    </CustomBuild>
    <CustomBuild Include="..\fortran\SB04MR.f">
      <Filter>Fortran Files</Filter>
    </CustomBuild>
    <CustomBuild Include="..\fortran\SB04MU.f">
      <Filter>Fortran Files</Filter>
    </CustomBuild>
    <CustomBuild Include="..\fortran\SB04MW.f">
      <Filter>Fortran Files</Filter>
    </CustomBuild>
    <CustomBuild Include="..\fortran\SB04MY.f">
      <Filter>Fortran Files</Filter>
    </CustomBuild>
    <CustomBuild Include="..\fortran\SB04PX.f">
      <Filter>Fortran Files</Filter>
    </CustomBuild>
    <CustomBuild Include="..\fortran\SB04QD.f">
      <Filter>Fortran Files</Filter>
    </CustomBuild>
    <CustomBuild Include="..\fortran\SB04QR.f">
      <Filter>Fortran Files</Filter>
    </CustomBuild>
    <CustomBuild Include="..\fortran\SB04QU.f">
      <Filter>Fortran Files</Filter>
    </CustomBuild>
    <CustomBuild Include="..\fortran\SB04QY.f">
      <Filter>Fortran Files</Filter>
    </CustomBuild>
    <CustomBuild Include="..\fortran\SB10JD.f">
      <Filter>Fortran Files</Filter>
    </CustomBuild>
    <CustomBuild Include="..\fortran\SELECT.f">
      <Filter>Fortran Files</Filter>
    </CustomBuild>
    <CustomBuild Include="..\fortran\SG02AD.f">
      <Filter>Fortran Files</Filter>
    </CustomBuild>
    <CustomBuild Include="..\fortran\SLCT_DLATZM.f">
      <Filter>Fortran Files</Filter>
    </CustomBuild>
    <CustomBuild Include="..\fortran\TB01ID.f">
      <Filter>Fortran Files</Filter>
    </CustomBuild>
    <CustomBuild Include="..\fortran\TB01XD.f">
      <Filter>Fortran Files</Filter>
    </CustomBuild>
  </ItemGroup>
  <ItemGroup>
    <ClCompile Include="..\f2c\AB01ND.c">
      <Filter>Source Files</Filter>
    </ClCompile>
    <ClCompile Include="..\f2c\AB01OD.c">
      <Filter>Source Files</Filter>
    </ClCompile>
    <ClCompile Include="..\f2c\AB04MD.c">
      <Filter>Source Files</Filter>
    </ClCompile>
    <ClCompile Include="..\f2c\AB07ND.c">
      <Filter>Source Files</Filter>
    </ClCompile>
    <ClCompile Include="..\f2c\AB08ND.c">
      <Filter>Source Files</Filter>
    </ClCompile>
    <ClCompile Include="..\f2c\AB08NX.c">
      <Filter>Source Files</Filter>
    </ClCompile>
    <ClCompile Include="..\f2c\AG08BD.c">
      <Filter>Source Files</Filter>
    </ClCompile>
    <ClCompile Include="..\f2c\AG08BY.c">
      <Filter>Source Files</Filter>
    </ClCompile>
    <ClCompile Include="..\f2c\MA02AD.c">
      <Filter>Source Files</Filter>
    </ClCompile>
    <ClCompile Include="..\f2c\MA02BD.c">
      <Filter>Source Files</Filter>
    </ClCompile>
    <ClCompile Include="..\f2c\MA02CD.c">
      <Filter>Source Files</Filter>
    </ClCompile>
    <ClCompile Include="..\f2c\MA02ED.c">
      <Filter>Source Files</Filter>
    </ClCompile>
    <ClCompile Include="..\f2c\MA02GD.c">
      <Filter>Source Files</Filter>
    </ClCompile>
    <ClCompile Include="..\f2c\MA02HD.c">
      <Filter>Source Files</Filter>
    </ClCompile>
    <ClCompile Include="..\f2c\MB01PD.c">
      <Filter>Source Files</Filter>
    </ClCompile>
    <ClCompile Include="..\f2c\MB01QD.c">
      <Filter>Source Files</Filter>
    </ClCompile>
    <ClCompile Include="..\f2c\MB01RD.c">
      <Filter>Source Files</Filter>
    </ClCompile>
    <ClCompile Include="..\f2c\MB01SD.c">
      <Filter>Source Files</Filter>
    </ClCompile>
    <ClCompile Include="..\f2c\MB01UY.c">
      <Filter>Source Files</Filter>
    </ClCompile>
    <ClCompile Include="..\f2c\MB02MD.c">
      <Filter>Source Files</Filter>
    </ClCompile>
    <ClCompile Include="..\f2c\MB02PD.c">
      <Filter>Source Files</Filter>
    </ClCompile>
    <ClCompile Include="..\f2c\MB02VD.c">
      <Filter>Source Files</Filter>
    </ClCompile>
    <ClCompile Include="..\f2c\MB03MY.c">
      <Filter>Source Files</Filter>
    </ClCompile>
    <ClCompile Include="..\f2c\MB03OD.c">
      <Filter>Source Files</Filter>
    </ClCompile>
    <ClCompile Include="..\f2c\MB03OY.c">
      <Filter>Source Files</Filter>
    </ClCompile>
    <ClCompile Include="..\f2c\MB03PD.c">
      <Filter>Source Files</Filter>
    </ClCompile>
    <ClCompile Include="..\f2c\MB03PY.c">
      <Filter>Source Files</Filter>
    </ClCompile>
    <ClCompile Include="..\f2c\MB03QD.c">
      <Filter>Source Files</Filter>
    </ClCompile>
    <ClCompile Include="..\f2c\MB03QX.c">
      <Filter>Source Files</Filter>
    </ClCompile>
    <ClCompile Include="..\f2c\MB03QY.c">
      <Filter>Source Files</Filter>
    </ClCompile>
    <ClCompile Include="..\f2c\MB03RD.c">
      <Filter>Source Files</Filter>
    </ClCompile>
    <ClCompile Include="..\f2c\MB03RX.c">
      <Filter>Source Files</Filter>
    </ClCompile>
    <ClCompile Include="..\f2c\MB03RY.c">
      <Filter>Source Files</Filter>
    </ClCompile>
    <ClCompile Include="..\f2c\MB04GD.c">
      <Filter>Source Files</Filter>
    </ClCompile>
    <ClCompile Include="..\f2c\MB04MD.c">
      <Filter>Source Files</Filter>
    </ClCompile>
    <ClCompile Include="..\f2c\MB04ND.c">
      <Filter>Source Files</Filter>
    </ClCompile>
    <ClCompile Include="..\f2c\MB04NY.c">
      <Filter>Source Files</Filter>
    </ClCompile>
    <ClCompile Include="..\f2c\MB04OD.c">
      <Filter>Source Files</Filter>
    </ClCompile>
    <ClCompile Include="..\f2c\MB04OY.c">
      <Filter>Source Files</Filter>
    </ClCompile>
    <ClCompile Include="..\f2c\MB05OD.c">
      <Filter>Source Files</Filter>
    </ClCompile>
    <ClCompile Include="..\f2c\MB05OY.c">
      <Filter>Source Files</Filter>
    </ClCompile>
    <ClCompile Include="..\f2c\MC01TD.c">
      <Filter>Source Files</Filter>
    </ClCompile>
    <ClCompile Include="..\f2c\SB01BD.c">
      <Filter>Source Files</Filter>
    </ClCompile>
    <ClCompile Include="..\f2c\SB01BX.c">
      <Filter>Source Files</Filter>
    </ClCompile>
    <ClCompile Include="..\f2c\SB01BY.c">
      <Filter>Source Files</Filter>
    </ClCompile>
    <ClCompile Include="..\f2c\SB02MR.c">
      <Filter>Source Files</Filter>
    </ClCompile>
    <ClCompile Include="..\f2c\SB02MV.c">
      <Filter>Source Files</Filter>
    </ClCompile>
    <ClCompile Include="..\f2c\SB02OD.c">
      <Filter>Source Files</Filter>
    </ClCompile>
    <ClCompile Include="..\f2c\SB02OU.c">
      <Filter>Source Files</Filter>
    </ClCompile>
    <ClCompile Include="..\f2c\SB02OV.c">
      <Filter>Source Files</Filter>
    </ClCompile>
    <ClCompile Include="..\f2c\SB02OW.c">
      <Filter>Source Files</Filter>
    </ClCompile>
    <ClCompile Include="..\f2c\SB02OY.c">
      <Filter>Source Files</Filter>
    </ClCompile>
    <ClCompile Include="..\f2c\SB03MD.c">
      <Filter>Source Files</Filter>
    </ClCompile>
    <ClCompile Include="..\f2c\SB03MV.c">
      <Filter>Source Files</Filter>
    </ClCompile>
    <ClCompile Include="..\f2c\SB03MW.c">
      <Filter>Source Files</Filter>
    </ClCompile>
    <ClCompile Include="..\f2c\SB03MX.c">
      <Filter>Source Files</Filter>
    </ClCompile>
    <ClCompile Include="..\f2c\SB03MY.c">
      <Filter>Source Files</Filter>
    </ClCompile>
    <ClCompile Include="..\f2c\SB03OD.c">
      <Filter>Source Files</Filter>
    </ClCompile>
    <ClCompile Include="..\f2c\SB03OR.c">
      <Filter>Source Files</Filter>
    </ClCompile>
    <ClCompile Include="..\f2c\SB03OT.c">
      <Filter>Source Files</Filter>
    </ClCompile>
    <ClCompile Include="..\f2c\SB03OV.c">
      <Filter>Source Files</Filter>
    </ClCompile>
    <ClCompile Include="..\f2c\SB03OY.c">
      <Filter>Source Files</Filter>
    </ClCompile>
    <ClCompile Include="..\f2c\SB04MD.c">
      <Filter>Source Files</Filter>
    </ClCompile>
    <ClCompile Include="..\f2c\SB04MR.c">
      <Filter>Source Files</Filter>
    </ClCompile>
    <ClCompile Include="..\f2c\SB04MU.c">
      <Filter>Source Files</Filter>
    </ClCompile>
    <ClCompile Include="..\f2c\SB04MW.c">
      <Filter>Source Files</Filter>
    </ClCompile>
    <ClCompile Include="..\f2c\SB04MY.c">
      <Filter>Source Files</Filter>
    </ClCompile>
    <ClCompile Include="..\f2c\SB04PX.c">
      <Filter>Source Files</Filter>
    </ClCompile>
    <ClCompile Include="..\f2c\SB04QD.c">
      <Filter>Source Files</Filter>
    </ClCompile>
    <ClCompile Include="..\f2c\SB04QR.c">
      <Filter>Source Files</Filter>
    </ClCompile>
    <ClCompile Include="..\f2c\SB04QU.c">
      <Filter>Source Files</Filter>
    </ClCompile>
    <ClCompile Include="..\f2c\SB04QY.c">
      <Filter>Source Files</Filter>
    </ClCompile>
    <ClCompile Include="..\f2c\SB10JD.c">
      <Filter>Source Files</Filter>
    </ClCompile>
    <ClCompile Include="..\f2c\SELECT.c">
      <Filter>Source Files</Filter>
    </ClCompile>
    <ClCompile Include="..\f2c\SG02AD.c">
      <Filter>Source Files</Filter>
    </ClCompile>
    <ClCompile Include="..\f2c\SLCT_DLATZM.c">
      <Filter>Source Files</Filter>
    </ClCompile>
    <ClCompile Include="..\f2c\TB01ID.c">
      <Filter>Source Files</Filter>
    </ClCompile>
    <ClCompile Include="..\f2c\TB01XD.c">
      <Filter>Source Files</Filter>
    </ClCompile>
    <ClCompile Include="..\f2c\TG01AD.c">
      <Filter>Source Files</Filter>
    </ClCompile>
    <ClCompile Include="..\f2c\TG01FD.c">
      <Filter>Source Files</Filter>
    </ClCompile>
    <ClCompile Include="..\cpp\dllMain.cpp">
      <Filter>Source Files</Filter>
    </ClCompile>
  </ItemGroup>
</Project>