<?xml version="1.0" encoding="utf-8"?>
<Project ToolsVersion="4.0" xmlns="http://schemas.microsoft.com/developer/msbuild/2003">
  <ItemGroup>
    <ClCompile Include="..\cpp\copygraphicsBuiltin.cpp">
      <Filter>Source Files</Filter>
    </ClCompile>
    <ClCompile Include="..\cpp\dllMain.cpp">
      <Filter>Source Files</Filter>
    </ClCompile>
    <ClCompile Include="..\cpp\Gateway.cpp">
      <Filter>Source Files</Filter>
    </ClCompile>
    <ClCompile Include="..\cpp\imreadBuiltin.cpp">
      <Filter>Source Files</Filter>
    </ClCompile>
    <ClCompile Include="..\cpp\imwriteBuiltin.cpp">
      <Filter>Source Files</Filter>
    </ClCompile>
    <ClCompile Include="..\cpp\saveasBuiltin.cpp">
      <Filter>Source Files</Filter>
    </ClCompile>
    <ClCompile Include="..\cpp\imformatsBuiltin.cpp">
      <Filter>Source Files</Filter>
    </ClCompile>
  </ItemGroup>
  <ItemGroup>
    <ClInclude Include="..\include\copygraphicsBuiltin.hpp">
      <Filter>Header Files</Filter>
    </ClInclude>
    <ClInclude Include="..\include\saveasBuiltin.hpp">
      <Filter>Header Files</Filter>
    </ClInclude>
    <ClInclude Include="..\include\nlsGraphics_io_builtin_exports.h">
      <Filter>Header Files</Filter>
    </ClInclude>
    <ClInclude Include="..\include\imwriteBuiltin.hpp">
      <Filter>Header Files</Filter>
    </ClInclude>
    <ClInclude Include="..\include\imreadBuiltin.hpp">
      <Filter>Header Files</Filter>
    </ClInclude>
    <ClInclude Include="..\include\imformatsBuiltin.hpp">
      <Filter>Header Files</Filter>
    </ClInclude>
  </ItemGroup>
  <ItemGroup>
    <None Include="..\..\etc\finish.m" />
    <None Include="..\..\etc\startup.m" />
    <None Include="..\..\loader.m" />
    <None Include="..\..\module.iss" />
  </ItemGroup>
  <ItemGroup>
    <Text Include="..\..\CMakeLists.txt" />
  </ItemGroup>
  <ItemGroup>
    <Filter Include="Header Files">
      <UniqueIdentifier>{c166a168-9e37-4c78-b1a1-c91ea029a744}</UniqueIdentifier>
    </Filter>
    <Filter Include="Source Files">
      <UniqueIdentifier>{80c9122c-1cb0-42c6-8190-8139fc98bc8f}</UniqueIdentifier>
    </Filter>
    <Filter Include="Resource Files">
      <UniqueIdentifier>{e6cfef79-f47f-41dc-b5a6-ab9ac3bdc737}</UniqueIdentifier>
    </Filter>
  </ItemGroup>
  <ItemGroup>
    <ResourceCompile Include="resources.rc">
      <Filter>Resource Files</Filter>
    </ResourceCompile>
  </ItemGroup>
</Project>