<?xml version="1.0" encoding="utf-8"?>
<Project ToolsVersion="4.0" xmlns="http://schemas.microsoft.com/developer/msbuild/2003">
  <ItemGroup>
    <Filter Include="Source Files">
      <UniqueIdentifier>{4FC737F1-C7A5-4376-A066-2A32D752A2FF}</UniqueIdentifier>
      <Extensions>cpp;c;cc;cxx;def;odl;idl;hpj;bat;asm;asmx</Extensions>
    </Filter>
    <Filter Include="Header Files">
      <UniqueIdentifier>{93995380-89BD-4b04-88EB-625FBE52EBFB}</UniqueIdentifier>
      <Extensions>h;hh;hpp;hxx;hm;inl;inc;xsd</Extensions>
    </Filter>
    <Filter Include="Resource Files">
      <UniqueIdentifier>{67DA6AB6-F800-4c08-8B7A-83BB121AAD01}</UniqueIdentifier>
      <Extensions>rc;ico;cur;bmp;dlg;rc2;rct;bin;rgs;gif;jpg;jpeg;jpe;resx;tiff;tif;png;wav;mfcribbon-ms</Extensions>
    </Filter>
  </ItemGroup>
  <ItemGroup>
    <ClCompile Include="dllMain.c">
      <Filter>Source Files</Filter>
    </ClCompile>
    <ClCompile Include="..\cpp\Gateway.cpp">
      <Filter>Source Files</Filter>
    </ClCompile>
    <ClCompile Include="..\cpp\addgatewayBuiltin.cpp">
      <Filter>Source Files</Filter>
    </ClCompile>
    <ClCompile Include="..\cpp\gatewayinfoBuiltin.cpp">
      <Filter>Source Files</Filter>
    </ClCompile>
    <ClCompile Include="..\cpp\removegatewayBuiltin.cpp">
      <Filter>Source Files</Filter>
    </ClCompile>
    <ClCompile Include="..\cpp\dlcloseBuiltin.cpp">
      <Filter>Source Files</Filter>
    </ClCompile>
    <ClCompile Include="..\cpp\dlopenBuiltin.cpp">
      <Filter>Source Files</Filter>
    </ClCompile>
    <ClCompile Include="..\cpp\dllib_dispBuiltin.cpp">
      <Filter>Source Files</Filter>
    </ClCompile>
    <ClCompile Include="..\cpp\dllib_usedBuiltin.cpp">
      <Filter>Source Files</Filter>
    </ClCompile>
    <ClCompile Include="..\cpp\getdynlibextBuiltin.cpp">
      <Filter>Source Files</Filter>
    </ClCompile>
    <ClCompile Include="..\cpp\dlsymBuiltin.cpp">
      <Filter>Source Files</Filter>
    </ClCompile>
    <ClCompile Include="..\cpp\dlsym_dispBuiltin.cpp">
      <Filter>Source Files</Filter>
    </ClCompile>
    <ClCompile Include="..\cpp\dlcallBuiltin.cpp">
      <Filter>Source Files</Filter>
    </ClCompile>
    <ClCompile Include="..\cpp\dllib_getBuiltin.cpp">
      <Filter>Source Files</Filter>
    </ClCompile>
    <ClCompile Include="..\cpp\dllib_ispropBuiltin.cpp">
      <Filter>Source Files</Filter>
    </ClCompile>
    <ClCompile Include="..\cpp\dllib_fieldnamesBuiltin.cpp">
      <Filter>Source Files</Filter>
    </ClCompile>
    <ClCompile Include="..\cpp\dllib_isvalidBuiltin.cpp">
      <Filter>Source Files</Filter>
    </ClCompile>
    <ClCompile Include="..\cpp\dlsym_fieldnamesBuiltin.cpp">
      <Filter>Source Files</Filter>
    </ClCompile>
    <ClCompile Include="..\cpp\dlsym_getBuiltin.cpp">
      <Filter>Source Files</Filter>
    </ClCompile>
    <ClCompile Include="..\cpp\dlsym_ispropBuiltin.cpp">
      <Filter>Source Files</Filter>
    </ClCompile>
    <ClCompile Include="..\cpp\dlsym_deleteBuiltin.cpp">
      <Filter>Source Files</Filter>
    </ClCompile>
    <ClCompile Include="..\cpp\libpointerBuiltin.cpp">
      <Filter>Source Files</Filter>
    </ClCompile>
    <ClCompile Include="..\cpp\libpointer_dispBuiltin.cpp">
      <Filter>Source Files</Filter>
    </ClCompile>
    <ClCompile Include="..\cpp\isNullBuiltin.cpp">
      <Filter>Source Files</Filter>
    </ClCompile>
    <ClCompile Include="..\cpp\libpointer_isNullBuiltin.cpp">
      <Filter>Source Files</Filter>
    </ClCompile>
    <ClCompile Include="..\cpp\libpointer_reshapeBuiltin.cpp">
      <Filter>Source Files</Filter>
    </ClCompile>
    <ClCompile Include="..\cpp\libpointer_getBuiltin.cpp">
      <Filter>Source Files</Filter>
    </ClCompile>
    <ClCompile Include="..\cpp\libpointer_ismethodBuiltin.cpp">
      <Filter>Source Files</Filter>
    </ClCompile>
    <ClCompile Include="..\cpp\libpointer_plusBuiltin.cpp">
      <Filter>Source Files</Filter>
    </ClCompile>
    <ClCompile Include="..\cpp\libpointer_setdatatypeBuiltin.cpp">
      <Filter>Source Files</Filter>
    </ClCompile>
    <ClCompile Include="..\cpp\dlsym_ismethodBuiltin.cpp">
      <Filter>Source Files</Filter>
    </ClCompile>
    <ClCompile Include="..\cpp\dllib_ismethodBuiltin.cpp">
      <Filter>Source Files</Filter>
    </ClCompile>
    <ClCompile Include="..\cpp\libpointer_ispropBuiltin.cpp">
      <Filter>Source Files</Filter>
    </ClCompile>
    <ClCompile Include="..\cpp\dlsym_usedBuiltin.cpp">
      <Filter>Source Files</Filter>
    </ClCompile>
    <ClCompile Include="..\cpp\libpointer_usedBuiltin.cpp">
      <Filter>Source Files</Filter>
    </ClCompile>
    <ClCompile Include="..\cpp\dlsym_isvalidBuiltin.cpp">
      <Filter>Source Files</Filter>
    </ClCompile>
    <ClCompile Include="..\cpp\libpointer_isvalidBuiltin.cpp">
      <Filter>Source Files</Filter>
    </ClCompile>
    <ClCompile Include="..\cpp\dllib_deleteBuiltin.cpp">
      <Filter>Source Files</Filter>
    </ClCompile>
    <ClCompile Include="..\cpp\libpointer_deleteBuiltin.cpp">
      <Filter>Source Files</Filter>
    </ClCompile>
    <ClCompile Include="..\cpp\libpointer_fieldnamesBuiltin.cpp">
      <Filter>Source Files</Filter>
    </ClCompile>
    <ClCompile Include="..\cpp\dllibinfoBuiltin.cpp">
      <Filter>Source Files</Filter>
    </ClCompile>
  </ItemGroup>
  <ItemGroup>
    <Text Include="..\..\CMakeLists.txt" />
  </ItemGroup>
  <ItemGroup>
    <ClInclude Include="..\include\nlsDynamic_link_builtin_exports.h">
      <Filter>Header Files</Filter>
    </ClInclude>
    <ClInclude Include="..\include\addgatewayBuiltin.hpp">
      <Filter>Header Files</Filter>
    </ClInclude>
    <ClInclude Include="..\include\gatewayinfoBuiltin.hpp">
      <Filter>Header Files</Filter>
    </ClInclude>
    <ClInclude Include="..\include\removegatewayBuiltin.hpp">
      <Filter>Header Files</Filter>
    </ClInclude>
    <ClInclude Include="..\include\dlcloseBuiltin.hpp">
      <Filter>Header Files</Filter>
    </ClInclude>
    <ClInclude Include="..\include\dlopenBuiltin.hpp">
      <Filter>Header Files</Filter>
    </ClInclude>
    <ClInclude Include="..\include\dllib_dispBuiltin.hpp">
      <Filter>Header Files</Filter>
    </ClInclude>
    <ClInclude Include="..\include\dllib_usedBuiltin.hpp">
      <Filter>Header Files</Filter>
    </ClInclude>
    <ClInclude Include="..\include\getdynlibextBuiltin.hpp">
      <Filter>Header Files</Filter>
    </ClInclude>
    <ClInclude Include="..\include\dlsymBuiltin.hpp">
      <Filter>Header Files</Filter>
    </ClInclude>
    <ClInclude Include="..\include\dlsym_dispBuiltin.hpp">
      <Filter>Header Files</Filter>
    </ClInclude>
    <ClInclude Include="..\include\dlcallBuiltin.hpp">
      <Filter>Header Files</Filter>
    </ClInclude>
    <ClInclude Include="..\include\dllib_getBuiltin.hpp">
      <Filter>Header Files</Filter>
    </ClInclude>
    <ClInclude Include="..\include\dllib_ispropBuiltin.hpp">
      <Filter>Header Files</Filter>
    </ClInclude>
    <ClInclude Include="..\include\dllib_fieldnamesBuiltin.hpp">
      <Filter>Header Files</Filter>
    </ClInclude>
    <ClInclude Include="..\include\dllib_isvalidBuiltin.hpp">
      <Filter>Header Files</Filter>
    </ClInclude>
    <ClInclude Include="..\include\dlsym_fieldnamesBuiltin.hpp">
      <Filter>Header Files</Filter>
    </ClInclude>
    <ClInclude Include="..\include\dlsym_getBuiltin.hpp">
      <Filter>Header Files</Filter>
    </ClInclude>
    <ClInclude Include="..\include\dlsym_ispropBuiltin.hpp">
      <Filter>Header Files</Filter>
    </ClInclude>
    <ClInclude Include="..\include\dlsym_deleteBuiltin.hpp">
      <Filter>Header Files</Filter>
    </ClInclude>
    <ClInclude Include="..\include\libpointerBuiltin.hpp">
      <Filter>Header Files</Filter>
    </ClInclude>
    <ClInclude Include="..\include\libpointer_dispBuiltin.hpp">
      <Filter>Header Files</Filter>
    </ClInclude>
    <ClInclude Include="..\include\libpointer_isNullBuiltin.hpp">
      <Filter>Header Files</Filter>
    </ClInclude>
    <ClInclude Include="..\include\isNullBuiltin.hpp">
      <Filter>Header Files</Filter>
    </ClInclude>
    <ClInclude Include="..\include\libpointer_reshapeBuiltin.hpp">
      <Filter>Header Files</Filter>
    </ClInclude>
    <ClInclude Include="..\include\libpointer_getBuiltin.hpp">
      <Filter>Header Files</Filter>
    </ClInclude>
    <ClInclude Include="..\include\libpointer_ismethodBuiltin.hpp">
      <Filter>Header Files</Filter>
    </ClInclude>
    <ClInclude Include="..\include\libpointer_plusBuiltin.hpp">
      <Filter>Header Files</Filter>
    </ClInclude>
    <ClInclude Include="..\include\libpointer_setdatatypeBuiltin.hpp">
      <Filter>Header Files</Filter>
    </ClInclude>
    <ClInclude Include="..\include\dlsym_ismethodBuiltin.hpp">
      <Filter>Header Files</Filter>
    </ClInclude>
    <ClInclude Include="..\include\dllib_ismethodBuiltin.hpp">
      <Filter>Header Files</Filter>
    </ClInclude>
    <ClInclude Include="..\include\libpointer_ispropBuiltin.hpp">
      <Filter>Header Files</Filter>
    </ClInclude>
    <ClInclude Include="..\include\dlsym_usedBuiltin.hpp">
      <Filter>Header Files</Filter>
    </ClInclude>
    <ClInclude Include="..\include\libpointer_usedBuiltin.hpp">
      <Filter>Header Files</Filter>
    </ClInclude>
    <ClInclude Include="..\include\dlsym_isvalidBuiltin.hpp">
      <Filter>Header Files</Filter>
    </ClInclude>
    <ClInclude Include="..\include\libpointer_isvalidBuiltin.hpp">
      <Filter>Header Files</Filter>
    </ClInclude>
    <ClInclude Include="..\include\dllib_deleteBuiltin.hpp">
      <Filter>Header Files</Filter>
    </ClInclude>
    <ClInclude Include="..\include\libpointer_deleteBuiltin.hpp">
      <Filter>Header Files</Filter>
    </ClInclude>
    <ClInclude Include="..\include\libpointer_fieldnamesBuiltin.hpp">
      <Filter>Header Files</Filter>
    </ClInclude>
    <ClInclude Include="..\include\dllibinfoBuiltin.hpp">
      <Filter>Header Files</Filter>
    </ClInclude>
  </ItemGroup>
  <ItemGroup>
    <None Include="..\..\loader.nls" />
    <None Include="..\..\etc\finish.nls" />
    <None Include="..\..\etc\startup.nls" />
    <None Include="..\..\module.iss" />
  </ItemGroup>
  <ItemGroup>
    <ResourceCompile Include="resources.rc">
      <Filter>Resource Files</Filter>
    </ResourceCompile>
  </ItemGroup>
</Project>