<?xml version="1.0" encoding="utf-8"?>
<Project ToolsVersion="4.0" xmlns="http://schemas.microsoft.com/developer/msbuild/2003">
  <ItemGroup>
    <Filter Include="Source Files">
      <UniqueIdentifier>{4FC737F1-C7A5-4376-A066-2A32D752A2FF}</UniqueIdentifier>
      <Extensions>cpp;c;cc;cxx;def;odl;idl;hpj;bat;asm;asmx</Extensions>
    </Filter>
    <Filter Include="Header Files">
      <UniqueIdentifier>{93995380-89BD-4b04-88EB-625FBE52EBFB}</UniqueIdentifier>
      <Extensions>h;hh;hpp;hxx;hm;inl;inc;xsd</Extensions>
    </Filter>
    <Filter Include="Resource Files">
      <UniqueIdentifier>{67DA6AB6-F800-4c08-8B7A-83BB121AAD01}</UniqueIdentifier>
      <Extensions>rc;ico;cur;bmp;dlg;rc2;rct;bin;rgs;gif;jpg;jpeg;jpe;resx;tiff;tif;png;wav;mfcribbon-ms</Extensions>
    </Filter>
    <Filter Include="Header Files\cmark">
      <UniqueIdentifier>{a2fa4455-f82c-4fc6-acd6-e5a72c0eb423}</UniqueIdentifier>
    </Filter>
    <Filter Include="Source Files\cmark">
      <UniqueIdentifier>{8706d4fd-1d20-4959-9e67-21128eafec41}</UniqueIdentifier>
    </Filter>
  </ItemGroup>
  <ItemGroup>
    <Text Include="..\..\CMakeLists.txt" />
  </ItemGroup>
  <ItemGroup>
    <ClCompile Include="..\cpp\Markdown.cpp">
      <Filter>Source Files</Filter>
    </ClCompile>
    <ClCompile Include="..\cpp\HeadComments.cpp">
      <Filter>Source Files</Filter>
    </ClCompile>
    <ClCompile Include="..\cpp\HtmlToPdf.cpp">
      <Filter>Source Files</Filter>
    </ClCompile>
    <ClCompile Include="..\cpp\dllMain.cpp">
      <Filter>Source Files</Filter>
    </ClCompile>
    <ClCompile Include="..\cpp\XmlDocXsdChecker.cpp">
      <Filter>Source Files</Filter>
    </ClCompile>
    <ClCompile Include="..\cpp\XmlTransform.cpp">
      <Filter>Source Files</Filter>
    </ClCompile>
    <ClCompile Include="..\cpp\XmlDocToc.cpp">
      <Filter>Source Files</Filter>
    </ClCompile>
    <ClCompile Include="..\cpp\XmlPrettyPrint.cpp">
      <Filter>Source Files</Filter>
    </ClCompile>
    <ClCompile Include="cmark\blocks.c">
      <Filter>Source Files\cmark</Filter>
    </ClCompile>
    <ClCompile Include="cmark\buffer.c">
      <Filter>Source Files\cmark</Filter>
    </ClCompile>
    <ClCompile Include="cmark\cmark.c">
      <Filter>Source Files\cmark</Filter>
    </ClCompile>
    <ClCompile Include="cmark\cmark_ctype.c">
      <Filter>Source Files\cmark</Filter>
    </ClCompile>
    <ClCompile Include="cmark\commonmark.c">
      <Filter>Source Files\cmark</Filter>
    </ClCompile>
    <ClCompile Include="cmark\houdini_href_e.c">
      <Filter>Source Files\cmark</Filter>
    </ClCompile>
    <ClCompile Include="cmark\houdini_html_e.c">
      <Filter>Source Files\cmark</Filter>
    </ClCompile>
    <ClCompile Include="cmark\houdini_html_u.c">
      <Filter>Source Files\cmark</Filter>
    </ClCompile>
    <ClCompile Include="cmark\html.c">
      <Filter>Source Files\cmark</Filter>
    </ClCompile>
    <ClCompile Include="cmark\inlines.c">
      <Filter>Source Files\cmark</Filter>
    </ClCompile>
    <ClCompile Include="cmark\iterator.c">
      <Filter>Source Files\cmark</Filter>
    </ClCompile>
    <ClCompile Include="cmark\latex.c">
      <Filter>Source Files\cmark</Filter>
    </ClCompile>
    <ClCompile Include="cmark\man.c">
      <Filter>Source Files\cmark</Filter>
    </ClCompile>
    <ClCompile Include="cmark\node.c">
      <Filter>Source Files\cmark</Filter>
    </ClCompile>
    <ClCompile Include="cmark\references.c">
      <Filter>Source Files\cmark</Filter>
    </ClCompile>
    <ClCompile Include="cmark\render.c">
      <Filter>Source Files\cmark</Filter>
    </ClCompile>
    <ClCompile Include="cmark\scanners.c">
      <Filter>Source Files\cmark</Filter>
    </ClCompile>
    <ClCompile Include="cmark\utf8.c">
      <Filter>Source Files\cmark</Filter>
    </ClCompile>
    <ClCompile Include="cmark\xml.c">
      <Filter>Source Files\cmark</Filter>
    </ClCompile>
    <ClCompile Include="..\cpp\XmlDocBuild.cpp">
      <Filter>Source Files</Filter>
    </ClCompile>
    <ClCompile Include="..\cpp\XmlDocListOfFiles.cpp">
      <Filter>Source Files</Filter>
    </ClCompile>
    <ClCompile Include="..\cpp\XmlDocSummary.cpp">
      <Filter>Source Files</Filter>
    </ClCompile>
    <ClCompile Include="..\cpp\CleanupHelptools.cpp">
      <Filter>Source Files</Filter>
    </ClCompile>
    <ClCompile Include="..\cpp\XmlDocMergeSummary.cpp">
      <Filter>Source Files</Filter>
    </ClCompile>
    <ClCompile Include="..\cpp\XmdDocGeneratesImages.cpp">
      <Filter>Source Files</Filter>
    </ClCompile>
  </ItemGroup>
  <ItemGroup>
    <ClInclude Include="cmark\buffer.h">
      <Filter>Header Files\cmark</Filter>
    </ClInclude>
    <ClInclude Include="cmark\chunk.h">
      <Filter>Header Files\cmark</Filter>
    </ClInclude>
    <ClInclude Include="cmark\cmark.h">
      <Filter>Header Files\cmark</Filter>
    </ClInclude>
    <ClInclude Include="cmark\cmark_ctype.h">
      <Filter>Header Files\cmark</Filter>
    </ClInclude>
    <ClInclude Include="cmark\houdini.h">
      <Filter>Header Files\cmark</Filter>
    </ClInclude>
    <ClInclude Include="cmark\inlines.h">
      <Filter>Header Files\cmark</Filter>
    </ClInclude>
    <ClInclude Include="cmark\iterator.h">
      <Filter>Header Files\cmark</Filter>
    </ClInclude>
    <ClInclude Include="cmark\node.h">
      <Filter>Header Files\cmark</Filter>
    </ClInclude>
    <ClInclude Include="cmark\parser.h">
      <Filter>Header Files\cmark</Filter>
    </ClInclude>
    <ClInclude Include="cmark\references.h">
      <Filter>Header Files\cmark</Filter>
    </ClInclude>
    <ClInclude Include="cmark\render.h">
      <Filter>Header Files\cmark</Filter>
    </ClInclude>
    <ClInclude Include="cmark\scanners.h">
      <Filter>Header Files\cmark</Filter>
    </ClInclude>
    <ClInclude Include="cmark\utf8.h">
      <Filter>Header Files\cmark</Filter>
    </ClInclude>
    <ClInclude Include="cmark\cmark_version.h">
      <Filter>Header Files\cmark</Filter>
    </ClInclude>
    <ClInclude Include="cmark\cmark_export.h">
      <Filter>Header Files\cmark</Filter>
    </ClInclude>
    <ClInclude Include="..\include\HeadComments.hpp">
      <Filter>Header Files</Filter>
    </ClInclude>
    <ClInclude Include="..\include\HtmlToPdf.hpp">
      <Filter>Header Files</Filter>
    </ClInclude>
    <ClInclude Include="..\include\Markdown.hpp">
      <Filter>Header Files</Filter>
    </ClInclude>
    <ClInclude Include="..\include\nlsHelp_tools_exports.h">
      <Filter>Header Files</Filter>
    </ClInclude>
    <ClInclude Include="..\include\XmlPrettyPrint.hpp">
      <Filter>Header Files</Filter>
    </ClInclude>
    <ClInclude Include="..\include\XmlDocToc.hpp">
      <Filter>Header Files</Filter>
    </ClInclude>
    <ClInclude Include="..\include\XmlDocXsdChecker.hpp">
      <Filter>Header Files</Filter>
    </ClInclude>
    <ClInclude Include="..\include\XmlTransform.hpp">
      <Filter>Header Files</Filter>
    </ClInclude>
    <ClInclude Include="..\include\XmlDocBuild.hpp">
      <Filter>Header Files</Filter>
    </ClInclude>
    <ClInclude Include="..\include\XmlDocListOfFiles.hpp">
      <Filter>Header Files</Filter>
    </ClInclude>
    <ClInclude Include="..\include\XmlDocSummary.hpp">
      <Filter>Header Files</Filter>
    </ClInclude>
    <ClInclude Include="..\include\CleanupHelptools.hpp">
      <Filter>Header Files</Filter>
    </ClInclude>
    <ClInclude Include="..\include\XmlDocMergeSummary.hpp">
      <Filter>Header Files</Filter>
    </ClInclude>
    <ClInclude Include="..\include\XmlDocGenerateImages.hpp">
      <Filter>Header Files</Filter>
    </ClInclude>
  </ItemGroup>
  <ItemGroup>
    <None Include="..\..\module.iss" />
  </ItemGroup>
  <ItemGroup>
    <ResourceCompile Include="resources.rc">
      <Filter>Resource Files</Filter>
    </ResourceCompile>
  </ItemGroup>
</Project>