<?xml version="1.0" encoding="utf-8"?>
<Project ToolsVersion="4.0" xmlns="http://schemas.microsoft.com/developer/msbuild/2003">
  <ItemGroup>
    <Filter Include="Source Files">
      <UniqueIdentifier>{4FC737F1-C7A5-4376-A066-2A32D752A2FF}</UniqueIdentifier>
      <Extensions>cpp;c;cc;cxx;def;odl;idl;hpj;bat;asm;asmx</Extensions>
    </Filter>
    <Filter Include="Header Files">
      <UniqueIdentifier>{93995380-89BD-4b04-88EB-625FBE52EBFB}</UniqueIdentifier>
      <Extensions>h;hh;hpp;hxx;hm;inl;inc;xsd</Extensions>
    </Filter>
    <Filter Include="Resource Files">
      <UniqueIdentifier>{67DA6AB6-F800-4c08-8B7A-83BB121AAD01}</UniqueIdentifier>
      <Extensions>rc;ico;cur;bmp;dlg;rc2;rct;bin;rgs;gif;jpg;jpeg;jpe;resx;tiff;tif;png;wav;mfcribbon-ms</Extensions>
    </Filter>
  </ItemGroup>
  <ItemGroup>
    <Text Include="..\..\CMakeLists.txt" />
  </ItemGroup>
  <ItemGroup>
    <None Include="..\..\module.iss" />
  </ItemGroup>
  <ItemGroup>
    <ResourceCompile Include="resources.rc">
      <Filter>Resource Files</Filter>
    </ResourceCompile>
  </ItemGroup>
  <ItemGroup>
    <ClCompile Include="dllMain.c">
      <Filter>Source Files</Filter>
    </ClCompile>
    <ClCompile Include="..\cpp\LoadMatioVariable.cpp">
      <Filter>Source Files</Filter>
    </ClCompile>
    <ClCompile Include="..\cpp\LoadMatioFile.cpp">
      <Filter>Source Files</Filter>
    </ClCompile>
    <ClCompile Include="..\cpp\LoadMatioCharacters.cpp">
      <Filter>Source Files</Filter>
    </ClCompile>
    <ClCompile Include="..\cpp\LoadMatioDouble.cpp">
      <Filter>Source Files</Filter>
    </ClCompile>
    <ClCompile Include="..\cpp\LoadMatioSingle.cpp">
      <Filter>Source Files</Filter>
    </ClCompile>
    <ClCompile Include="..\cpp\matioHelpers.cpp">
      <Filter>Source Files</Filter>
    </ClCompile>
    <ClCompile Include="..\cpp\LoadMatioInteger.cpp">
      <Filter>Source Files</Filter>
    </ClCompile>
    <ClCompile Include="..\cpp\LoadMatioLogical.cpp">
      <Filter>Source Files</Filter>
    </ClCompile>
    <ClCompile Include="..\cpp\LoadMatioSparseDouble.cpp">
      <Filter>Source Files</Filter>
    </ClCompile>
    <ClCompile Include="..\cpp\LoadMatioSparseLogical.cpp">
      <Filter>Source Files</Filter>
    </ClCompile>
    <ClCompile Include="..\cpp\LoadMatioCell.cpp">
      <Filter>Source Files</Filter>
    </ClCompile>
    <ClCompile Include="..\cpp\LoadMatioFunction.cpp">
      <Filter>Source Files</Filter>
    </ClCompile>
    <ClCompile Include="..\cpp\LoadMatioObject.cpp">
      <Filter>Source Files</Filter>
    </ClCompile>
    <ClCompile Include="..\cpp\LoadMatioOpaque.cpp">
      <Filter>Source Files</Filter>
    </ClCompile>
    <ClCompile Include="..\cpp\LoadMatioStruct.cpp">
      <Filter>Source Files</Filter>
    </ClCompile>
    <ClCompile Include="..\cpp\LoadMatioEmpty.cpp">
      <Filter>Source Files</Filter>
    </ClCompile>
    <ClCompile Include="..\cpp\SaveMatioFile.cpp">
      <Filter>Source Files</Filter>
    </ClCompile>
    <ClCompile Include="..\cpp\SaveMatioVariable.cpp">
      <Filter>Source Files</Filter>
    </ClCompile>
    <ClCompile Include="..\cpp\SaveMatioDouble.cpp">
      <Filter>Source Files</Filter>
    </ClCompile>
    <ClCompile Include="..\cpp\SaveMatioSparseDouble.cpp">
      <Filter>Source Files</Filter>
    </ClCompile>
    <ClCompile Include="..\cpp\SaveMatioCell.cpp">
      <Filter>Source Files</Filter>
    </ClCompile>
    <ClCompile Include="..\cpp\SaveMatioStruct.cpp">
      <Filter>Source Files</Filter>
    </ClCompile>
    <ClCompile Include="..\cpp\SaveMatioSingle.cpp">
      <Filter>Source Files</Filter>
    </ClCompile>
    <ClCompile Include="..\cpp\SaveMatioLogical.cpp">
      <Filter>Source Files</Filter>
    </ClCompile>
    <ClCompile Include="..\cpp\SaveMatioCharacterArray.cpp">
      <Filter>Source Files</Filter>
    </ClCompile>
    <ClCompile Include="..\cpp\SaveMatioStringArray.cpp">
      <Filter>Source Files</Filter>
    </ClCompile>
    <ClCompile Include="..\cpp\SaveMatioInteger.cpp">
      <Filter>Source Files</Filter>
    </ClCompile>
    <ClCompile Include="..\cpp\SaveMatioSingleComplex.cpp">
      <Filter>Source Files</Filter>
    </ClCompile>
    <ClCompile Include="..\cpp\SaveMatioSparseDoubleComplex.cpp">
      <Filter>Source Files</Filter>
    </ClCompile>
    <ClCompile Include="..\cpp\SaveMatioSparseLogical.cpp">
      <Filter>Source Files</Filter>
    </ClCompile>
    <ClCompile Include="..\cpp\SaveMatioDoubleComplex.cpp">
      <Filter>Source Files</Filter>
    </ClCompile>
    <ClCompile Include="..\cpp\SaveMatioHandle.cpp">
      <Filter>Source Files</Filter>
    </ClCompile>
    <ClCompile Include="..\cpp\IsMatioFile.cpp">
      <Filter>Source Files</Filter>
    </ClCompile>
    <ClCompile Include="..\cpp\WhosMatioFile.cpp">
      <Filter>Source Files</Filter>
    </ClCompile>
  </ItemGroup>
  <ItemGroup>
    <ClInclude Include="..\include\nlsMatio_exports.h">
      <Filter>Header Files</Filter>
    </ClInclude>
    <ClInclude Include="..\include\LoadMatioVariable.hpp">
      <Filter>Header Files</Filter>
    </ClInclude>
    <ClInclude Include="..\include\LoadMatioFile.hpp">
      <Filter>Header Files</Filter>
    </ClInclude>
    <ClInclude Include="..\cpp\LoadMatioCharacters.hpp">
      <Filter>Header Files</Filter>
    </ClInclude>
    <ClInclude Include="..\cpp\LoadMatioDouble.hpp">
      <Filter>Header Files</Filter>
    </ClInclude>
    <ClInclude Include="..\cpp\LoadMatioSingle.hpp">
      <Filter>Header Files</Filter>
    </ClInclude>
    <ClInclude Include="..\cpp\matioHelpers.hpp">
      <Filter>Header Files</Filter>
    </ClInclude>
    <ClInclude Include="..\cpp\LoadMatioInteger.hpp">
      <Filter>Header Files</Filter>
    </ClInclude>
    <ClInclude Include="..\cpp\LoadMatioLogical.hpp">
      <Filter>Header Files</Filter>
    </ClInclude>
    <ClInclude Include="..\cpp\LoadMatioSparseDouble.hpp">
      <Filter>Header Files</Filter>
    </ClInclude>
    <ClInclude Include="..\cpp\LoadMatioSparseLogical.hpp">
      <Filter>Header Files</Filter>
    </ClInclude>
    <ClInclude Include="..\cpp\LoadMatioCell.hpp">
      <Filter>Header Files</Filter>
    </ClInclude>
    <ClInclude Include="..\cpp\LoadMatioFunction.hpp">
      <Filter>Header Files</Filter>
    </ClInclude>
    <ClInclude Include="..\cpp\LoadMatioObject.hpp">
      <Filter>Header Files</Filter>
    </ClInclude>
    <ClInclude Include="..\cpp\LoadMatioOpaque.hpp">
      <Filter>Header Files</Filter>
    </ClInclude>
    <ClInclude Include="..\cpp\LoadMatioStruct.hpp">
      <Filter>Header Files</Filter>
    </ClInclude>
    <ClInclude Include="..\cpp\LoadMatioEmpty.hpp">
      <Filter>Header Files</Filter>
    </ClInclude>
    <ClInclude Include="..\include\SaveMatioFile.hpp">
      <Filter>Header Files</Filter>
    </ClInclude>
    <ClInclude Include="..\include\SaveMatioVariable.hpp">
      <Filter>Header Files</Filter>
    </ClInclude>
    <ClInclude Include="..\cpp\SaveMatioDouble.hpp">
      <Filter>Header Files</Filter>
    </ClInclude>
    <ClInclude Include="..\cpp\SaveMatioSparseDouble.hpp">
      <Filter>Header Files</Filter>
    </ClInclude>
    <ClInclude Include="..\cpp\SaveMatioCell.hpp">
      <Filter>Header Files</Filter>
    </ClInclude>
    <ClInclude Include="..\cpp\SaveMatioStruct.hpp">
      <Filter>Header Files</Filter>
    </ClInclude>
    <ClInclude Include="..\cpp\SaveMatioSingle.hpp">
      <Filter>Header Files</Filter>
    </ClInclude>
    <ClInclude Include="..\cpp\SaveMatioLogical.hpp">
      <Filter>Header Files</Filter>
    </ClInclude>
    <ClInclude Include="..\cpp\SaveMatioCharacterArray.hpp">
      <Filter>Header Files</Filter>
    </ClInclude>
    <ClInclude Include="..\cpp\SaveMatioStringArray.hpp">
      <Filter>Header Files</Filter>
    </ClInclude>
    <ClInclude Include="..\cpp\SaveMatioInteger.hpp">
      <Filter>Header Files</Filter>
    </ClInclude>
    <ClInclude Include="..\cpp\SaveMatioSparseLogical.hpp">
      <Filter>Header Files</Filter>
    </ClInclude>
    <ClInclude Include="..\cpp\SaveMatioSingleComplex.hpp">
      <Filter>Header Files</Filter>
    </ClInclude>
    <ClInclude Include="..\cpp\SaveMatioSparseDoubleComplex.hpp">
      <Filter>Header Files</Filter>
    </ClInclude>
    <ClInclude Include="..\cpp\SaveMatioDoubleComplex.hpp">
      <Filter>Header Files</Filter>
    </ClInclude>
    <ClInclude Include="..\cpp\SaveMatioHandle.hpp">
      <Filter>Header Files</Filter>
    </ClInclude>
    <ClInclude Include="..\include\IsMatioFile.hpp">
      <Filter>Header Files</Filter>
    </ClInclude>
    <ClInclude Include="..\include\WhosMatioFile.hpp">
      <Filter>Header Files</Filter>
    </ClInclude>
  </ItemGroup>
</Project>